{
  "name": "oidc-rp",
  "version": "0.1.0",
  "lockfileVersion": 1,
  "requires": true,
  "dependencies": {
    "base64url": {
      "version": "https://registry.npmjs.org/base64url/-/base64url-2.0.0.tgz",
      "integrity": "sha1-6sFuA+oUOO/5Qj1puqNiYu0fcLs="
    },
    "body-parser": {
      "version": "1.10.2",
      "resolved": "https://registry.npmjs.org/body-parser/-/body-parser-1.10.2.tgz",
      "integrity": "sha1-QF1GX808zw6oo1rb8QVfbpgxa9E=",
      "requires": {
        "bytes": "1.0.0",
        "depd": "1.0.0",
        "iconv-lite": "0.4.6",
        "media-typer": "0.3.0",
        "on-finished": "2.2.0",
        "qs": "2.3.3",
        "raw-body": "1.3.2",
        "type-is": "1.5.5"
      },
      "dependencies": {
        "bytes": {
          "version": "1.0.0",
          "resolved": "https://registry.npmjs.org/bytes/-/bytes-1.0.0.tgz",
          "integrity": "sha1-NWnt6Lo0MV+rmcPpLLBMciDeH6g="
        },
        "depd": {
          "version": "1.0.0",
          "resolved": "https://registry.npmjs.org/depd/-/depd-1.0.0.tgz",
          "integrity": "sha1-L9oNAOmKrihF1Jkasb8fKhmQc9U="
        },
        "iconv-lite": {
          "version": "0.4.6",
          "resolved": "https://registry.npmjs.org/iconv-lite/-/iconv-lite-0.4.6.tgz",
          "integrity": "sha1-45xoJhCnkfPu3Cc4L/SeJj+R+gk="
        },
        "media-typer": {
          "version": "0.3.0",
          "resolved": "https://registry.npmjs.org/media-typer/-/media-typer-0.3.0.tgz",
          "integrity": "sha1-hxDXrwqmJvj/+hzgAWhUUmMlV0g="
        },
        "on-finished": {
          "version": "2.2.0",
          "resolved": "https://registry.npmjs.org/on-finished/-/on-finished-2.2.0.tgz",
          "integrity": "sha1-5rpqCaNILWt5abw9qSyG8KlnYF4=",
          "requires": {
            "ee-first": "1.1.0"
          },
          "dependencies": {
            "ee-first": {
              "version": "1.1.0",
              "resolved": "https://registry.npmjs.org/ee-first/-/ee-first-1.1.0.tgz",
              "integrity": "sha1-ag18YiHkkP7v2S7D9EHJzozQl/Q="
            }
          }
        },
        "qs": {
          "version": "2.3.3",
          "resolved": "https://registry.npmjs.org/qs/-/qs-2.3.3.tgz",
          "integrity": "sha1-6eha2+ddoLvkyOBHaghikPhjtAQ="
        },
        "raw-body": {
          "version": "1.3.2",
          "resolved": "https://registry.npmjs.org/raw-body/-/raw-body-1.3.2.tgz",
          "integrity": "sha1-DhhvJ8X7/jJtizBid0gEVkoOz5M=",
          "requires": {
            "bytes": "1.0.0",
            "iconv-lite": "0.4.6"
          }
        },
        "type-is": {
          "version": "1.5.5",
          "resolved": "https://registry.npmjs.org/type-is/-/type-is-1.5.5.tgz",
          "integrity": "sha1-RSSK9X+WNm0DJuoIaPa8hgfcSyE=",
          "requires": {
            "media-typer": "0.3.0",
            "mime-types": "2.0.7"
          },
          "dependencies": {
            "mime-types": {
              "version": "2.0.7",
              "resolved": "https://registry.npmjs.org/mime-types/-/mime-types-2.0.7.tgz",
              "integrity": "sha1-DLWNBAOuyXc1fbMk7qZ+QMMrRLI=",
              "requires": {
                "mime-db": "1.5.0"
              },
              "dependencies": {
                "mime-db": {
                  "version": "1.5.0",
                  "resolved": "https://registry.npmjs.org/mime-db/-/mime-db-1.5.0.tgz",
                  "integrity": "sha1-vYC1dhV5kcO0bHG+cEH8bVQCpu4="
                }
              }
            }
          }
        }
      }
    },
    "capture-stack-trace": {
      "version": "https://artifacts.aue1d.saasure.com/artifactory/api/npm/npm-okta-master/capture-stack-trace/-/capture-stack-trace-1.0.0.tgz",
      "integrity": "sha1-Sm+gc5nCa7pH8LJJa00PtAjFVQ0="
    },
    "connect-flash": {
      "version": "0.1.1",
      "resolved": "https://registry.npmjs.org/connect-flash/-/connect-flash-0.1.1.tgz",
      "integrity": "sha1-2GMPJtlaf4UfmVax6MxnMvO2qjA="
    },
    "cookie-parser": {
      "version": "1.3.3",
      "resolved": "https://registry.npmjs.org/cookie-parser/-/cookie-parser-1.3.3.tgz",
      "integrity": "sha1-fjosdF9LRg1aNA5XiguqXXcl/jc=",
      "requires": {
        "cookie": "0.1.2",
        "cookie-signature": "1.0.5"
      },
      "dependencies": {
        "cookie": {
          "version": "0.1.2",
          "resolved": "https://registry.npmjs.org/cookie/-/cookie-0.1.2.tgz",
          "integrity": "sha1-cv7D0k5Io0Mgc9kMEmQgBQYQBLE="
        },
        "cookie-signature": {
          "version": "1.0.5",
          "resolved": "https://registry.npmjs.org/cookie-signature/-/cookie-signature-1.0.5.tgz",
          "integrity": "sha1-oSLj8VA+yg9TVXlbBxG7I2jUUPk="
        }
      }
    },
    "create-error-class": {
      "version": "https://artifacts.aue1d.saasure.com/artifactory/api/npm/npm-okta-master/create-error-class/-/create-error-class-3.0.2.tgz",
      "integrity": "sha1-Br56vvlHo/FKMP1hBnHUAbyot7Y=",
      "requires": {
        "capture-stack-trace": "https://artifacts.aue1d.saasure.com/artifactory/api/npm/npm-okta-master/capture-stack-trace/-/capture-stack-trace-1.0.0.tgz"
      }
    },
    "debug": {
      "version": "2.1.1",
      "resolved": "https://registry.npmjs.org/debug/-/debug-2.1.1.tgz",
      "integrity": "sha1-4MVIzGB63CK1N1QNw2OcQjb9+Qw=",
      "requires": {
        "ms": "0.6.2"
      },
      "dependencies": {
        "ms": {
          "version": "0.6.2",
          "resolved": "https://registry.npmjs.org/ms/-/ms-0.6.2.tgz",
          "integrity": "sha1-2JwhJMb9wTU9Zai3e/GqxLGTcIw="
        }
      }
    },
    "duplexer3": {
      "version": "https://registry.npmjs.org/duplexer3/-/duplexer3-0.1.4.tgz",
      "integrity": "sha1-7gHdHKwO08vH/b6jfcCo8c4ALOI="
    },
    "es6-promise": {
      "version": "https://registry.npmjs.org/es6-promise/-/es6-promise-4.0.5.tgz",
      "integrity": "sha1-eILzCt3lskDM+n99eMVIMwlRrkI="
    },
    "express": {
      "version": "4.11.1",
      "resolved": "https://registry.npmjs.org/express/-/express-4.11.1.tgz",
      "integrity": "sha1-NtBN0nqhZnY06YdSl2f5yZ3nkD8=",
      "requires": {
        "accepts": "1.2.2",
        "content-disposition": "0.5.0",
        "cookie": "0.1.2",
        "cookie-signature": "1.0.5",
        "debug": "2.1.1",
        "depd": "1.0.0",
        "escape-html": "1.0.1",
        "etag": "1.5.1",
        "finalhandler": "0.3.3",
        "fresh": "0.2.4",
        "media-typer": "0.3.0",
        "merge-descriptors": "0.0.2",
        "methods": "1.1.1",
        "on-finished": "2.2.0",
        "parseurl": "1.3.0",
        "path-to-regexp": "0.1.3",
        "proxy-addr": "1.0.5",
        "qs": "2.3.3",
        "range-parser": "1.0.2",
        "send": "0.11.1",
        "serve-static": "1.8.1",
        "type-is": "1.5.5",
        "utils-merge": "1.0.0",
        "vary": "1.0.0"
      },
      "dependencies": {
        "accepts": {
          "version": "1.2.2",
          "resolved": "https://registry.npmjs.org/accepts/-/accepts-1.2.2.tgz",
          "integrity": "sha1-m8KbmznzOjUedqdgWBhOvI7XeD8=",
          "requires": {
            "mime-types": "2.0.7",
            "negotiator": "0.5.0"
          },
          "dependencies": {
            "mime-types": {
              "version": "2.0.7",
              "resolved": "https://registry.npmjs.org/mime-types/-/mime-types-2.0.7.tgz",
              "integrity": "sha1-DLWNBAOuyXc1fbMk7qZ+QMMrRLI=",
              "requires": {
                "mime-db": "1.5.0"
              },
              "dependencies": {
                "mime-db": {
                  "version": "1.5.0",
                  "resolved": "https://registry.npmjs.org/mime-db/-/mime-db-1.5.0.tgz",
                  "integrity": "sha1-vYC1dhV5kcO0bHG+cEH8bVQCpu4="
                }
              }
            },
            "negotiator": {
              "version": "0.5.0",
              "resolved": "https://registry.npmjs.org/negotiator/-/negotiator-0.5.0.tgz",
              "integrity": "sha1-u3ezE52A2bHujJE1IKGLDUdbG5A="
            }
          }
        },
        "content-disposition": {
          "version": "0.5.0",
          "resolved": "https://registry.npmjs.org/content-disposition/-/content-disposition-0.5.0.tgz",
          "integrity": "sha1-QoT+auBjCHRjnkToCkGMKTQTXp4="
        },
        "cookie": {
          "version": "0.1.2",
          "resolved": "https://registry.npmjs.org/cookie/-/cookie-0.1.2.tgz",
          "integrity": "sha1-cv7D0k5Io0Mgc9kMEmQgBQYQBLE="
        },
        "cookie-signature": {
          "version": "1.0.5",
          "resolved": "https://registry.npmjs.org/cookie-signature/-/cookie-signature-1.0.5.tgz",
          "integrity": "sha1-oSLj8VA+yg9TVXlbBxG7I2jUUPk="
        },
        "debug": {
          "version": "2.1.1",
          "resolved": "https://registry.npmjs.org/debug/-/debug-2.1.1.tgz",
          "integrity": "sha1-4MVIzGB63CK1N1QNw2OcQjb9+Qw=",
          "requires": {
            "ms": "0.6.2"
          },
          "dependencies": {
            "ms": {
              "version": "0.6.2",
              "resolved": "https://registry.npmjs.org/ms/-/ms-0.6.2.tgz",
              "integrity": "sha1-2JwhJMb9wTU9Zai3e/GqxLGTcIw="
            }
          }
        },
        "depd": {
          "version": "1.0.0",
          "resolved": "https://registry.npmjs.org/depd/-/depd-1.0.0.tgz",
          "integrity": "sha1-L9oNAOmKrihF1Jkasb8fKhmQc9U="
        },
        "escape-html": {
          "version": "1.0.1",
          "resolved": "https://registry.npmjs.org/escape-html/-/escape-html-1.0.1.tgz",
          "integrity": "sha1-GBoobq05ejmpKFfPsdQwUuNWv/A="
        },
        "etag": {
          "version": "1.5.1",
          "resolved": "https://registry.npmjs.org/etag/-/etag-1.5.1.tgz",
          "integrity": "sha1-VMUN4E7kJpVWKSWsVmWIKRvn6eo=",
          "requires": {
            "crc": "3.2.1"
          },
          "dependencies": {
            "crc": {
              "version": "3.2.1",
              "resolved": "https://registry.npmjs.org/crc/-/crc-3.2.1.tgz",
              "integrity": "sha1-XZyPt3okXNXsopHl0tAFM0urAII="
            }
          }
        },
        "finalhandler": {
          "version": "0.3.3",
          "resolved": "https://registry.npmjs.org/finalhandler/-/finalhandler-0.3.3.tgz",
          "integrity": "sha1-saCaoeamB7NUFmmwm8tyf0YM1CY=",
          "requires": {
            "debug": "2.1.1",
            "escape-html": "1.0.1",
            "on-finished": "2.2.0"
          }
        },
        "fresh": {
          "version": "0.2.4",
          "resolved": "https://registry.npmjs.org/fresh/-/fresh-0.2.4.tgz",
          "integrity": "sha1-NYJJkgbJcjcUGQ7ddLRgT+tKYUw="
        },
        "media-typer": {
          "version": "0.3.0",
          "resolved": "https://registry.npmjs.org/media-typer/-/media-typer-0.3.0.tgz",
          "integrity": "sha1-hxDXrwqmJvj/+hzgAWhUUmMlV0g="
        },
        "merge-descriptors": {
          "version": "0.0.2",
          "resolved": "https://registry.npmjs.org/merge-descriptors/-/merge-descriptors-0.0.2.tgz",
          "integrity": "sha1-w2pSp4FDdRPFcnXzndnTF1FKyMc="
        },
        "methods": {
          "version": "1.1.1",
          "resolved": "https://registry.npmjs.org/methods/-/methods-1.1.1.tgz",
          "integrity": "sha1-F+pjZgZtAMWON1uOx9/QRTyJgio="
        },
        "on-finished": {
          "version": "2.2.0",
          "resolved": "https://registry.npmjs.org/on-finished/-/on-finished-2.2.0.tgz",
          "integrity": "sha1-5rpqCaNILWt5abw9qSyG8KlnYF4=",
          "requires": {
            "ee-first": "1.1.0"
          },
          "dependencies": {
            "ee-first": {
              "version": "1.1.0",
              "resolved": "https://registry.npmjs.org/ee-first/-/ee-first-1.1.0.tgz",
              "integrity": "sha1-ag18YiHkkP7v2S7D9EHJzozQl/Q="
            }
          }
        },
        "parseurl": {
          "version": "1.3.0",
          "resolved": "https://registry.npmjs.org/parseurl/-/parseurl-1.3.0.tgz",
          "integrity": "sha1-tYBG20Ij4UWvp2AJ5hush8wigbM="
        },
        "path-to-regexp": {
          "version": "0.1.3",
          "resolved": "https://registry.npmjs.org/path-to-regexp/-/path-to-regexp-0.1.3.tgz",
          "integrity": "sha1-IbmrgidCed4lsVbqCP0SylG4rss="
        },
        "proxy-addr": {
          "version": "1.0.5",
          "resolved": "https://registry.npmjs.org/proxy-addr/-/proxy-addr-1.0.5.tgz",
          "integrity": "sha1-F61Ri2N6IaZHRjGfOfvHLIYo9js=",
          "requires": {
            "forwarded": "0.1.0",
            "ipaddr.js": "0.1.6"
          },
          "dependencies": {
            "forwarded": {
              "version": "0.1.0",
              "resolved": "https://registry.npmjs.org/forwarded/-/forwarded-0.1.0.tgz",
              "integrity": "sha1-Ge+YdMSuHCl7zweP3mOgm2aoQ2M="
            },
            "ipaddr.js": {
              "version": "0.1.6",
              "resolved": "https://registry.npmjs.org/ipaddr.js/-/ipaddr.js-0.1.6.tgz",
              "integrity": "sha1-jwUwsheZOHMCX9S3K9/Wm8VqmhI="
            }
          }
        },
        "qs": {
          "version": "2.3.3",
          "resolved": "https://registry.npmjs.org/qs/-/qs-2.3.3.tgz",
          "integrity": "sha1-6eha2+ddoLvkyOBHaghikPhjtAQ="
        },
        "range-parser": {
          "version": "1.0.2",
          "resolved": "https://registry.npmjs.org/range-parser/-/range-parser-1.0.2.tgz",
          "integrity": "sha1-BqEqQuUTG6jkV82JIESGfyNE5Uk="
        },
        "send": {
          "version": "0.11.1",
          "resolved": "https://registry.npmjs.org/send/-/send-0.11.1.tgz",
          "integrity": "sha1-G+q/1C+eJwn5kCivMHisErRwktU=",
          "requires": {
            "debug": "2.1.1",
            "depd": "1.0.0",
            "destroy": "1.0.3",
            "escape-html": "1.0.1",
            "etag": "1.5.1",
            "fresh": "0.2.4",
            "mime": "1.2.11",
            "ms": "0.7.0",
            "on-finished": "2.2.0",
            "range-parser": "1.0.2"
          },
          "dependencies": {
            "destroy": {
              "version": "1.0.3",
              "resolved": "https://registry.npmjs.org/destroy/-/destroy-1.0.3.tgz",
              "integrity": "sha1-tDO0ck5x/YVR2YhRdIUcX8N34sk="
            },
            "mime": {
              "version": "1.2.11",
              "resolved": "https://registry.npmjs.org/mime/-/mime-1.2.11.tgz",
              "integrity": "sha1-WCA+7Ybjpe8XrtK32evUfwpg3RA="
            },
            "ms": {
              "version": "0.7.0",
              "resolved": "https://registry.npmjs.org/ms/-/ms-0.7.0.tgz",
              "integrity": "sha1-hlvpTC5zl62KV9pqYzpuLzB5i4M="
            }
          }
        },
        "serve-static": {
          "version": "1.8.1",
          "resolved": "https://registry.npmjs.org/serve-static/-/serve-static-1.8.1.tgz",
          "integrity": "sha1-CPq9OZmfBQ/DEUQ/RtWIinfs/Hw=",
          "requires": {
            "escape-html": "1.0.1",
            "parseurl": "1.3.0",
            "send": "0.11.1",
            "utils-merge": "1.0.0"
          }
        },
        "type-is": {
          "version": "1.5.5",
          "resolved": "https://registry.npmjs.org/type-is/-/type-is-1.5.5.tgz",
          "integrity": "sha1-RSSK9X+WNm0DJuoIaPa8hgfcSyE=",
          "requires": {
            "media-typer": "0.3.0",
            "mime-types": "2.0.7"
          },
          "dependencies": {
            "mime-types": {
              "version": "2.0.7",
              "resolved": "https://registry.npmjs.org/mime-types/-/mime-types-2.0.7.tgz",
              "integrity": "sha1-DLWNBAOuyXc1fbMk7qZ+QMMrRLI=",
              "requires": {
                "mime-db": "1.5.0"
              },
              "dependencies": {
                "mime-db": {
                  "version": "1.5.0",
                  "resolved": "https://registry.npmjs.org/mime-db/-/mime-db-1.5.0.tgz",
                  "integrity": "sha1-vYC1dhV5kcO0bHG+cEH8bVQCpu4="
                }
              }
            }
          }
        },
        "utils-merge": {
          "version": "1.0.0",
          "resolved": "https://registry.npmjs.org/utils-merge/-/utils-merge-1.0.0.tgz",
          "integrity": "sha1-ApT7kiu5N1FTVBxPcJYjHyh8ivg="
        },
        "vary": {
          "version": "1.0.0",
          "resolved": "https://registry.npmjs.org/vary/-/vary-1.0.0.tgz",
          "integrity": "sha1-xeds7CDTgg2PKpbnvuOHMcNNoec="
        }
      }
    },
    "express-session": {
      "version": "1.10.1",
      "resolved": "https://registry.npmjs.org/express-session/-/express-session-1.10.1.tgz",
      "integrity": "sha1-1UIVhd9gGt27gqmbBSIu6uwrSdE=",
      "requires": {
        "cookie": "0.1.2",
        "cookie-signature": "1.0.5",
        "crc": "3.2.1",
        "debug": "2.1.1",
        "depd": "1.0.0",
        "on-headers": "1.0.0",
        "parseurl": "1.3.0",
        "uid-safe": "1.0.2",
        "utils-merge": "1.0.0"
      },
      "dependencies": {
        "cookie": {
          "version": "0.1.2",
          "resolved": "https://registry.npmjs.org/cookie/-/cookie-0.1.2.tgz",
          "integrity": "sha1-cv7D0k5Io0Mgc9kMEmQgBQYQBLE="
        },
        "cookie-signature": {
          "version": "1.0.5",
          "resolved": "https://registry.npmjs.org/cookie-signature/-/cookie-signature-1.0.5.tgz",
          "integrity": "sha1-oSLj8VA+yg9TVXlbBxG7I2jUUPk="
        },
        "crc": {
          "version": "3.2.1",
          "resolved": "https://registry.npmjs.org/crc/-/crc-3.2.1.tgz",
          "integrity": "sha1-XZyPt3okXNXsopHl0tAFM0urAII="
        },
        "depd": {
          "version": "1.0.0",
          "resolved": "https://registry.npmjs.org/depd/-/depd-1.0.0.tgz",
          "integrity": "sha1-L9oNAOmKrihF1Jkasb8fKhmQc9U="
        },
        "on-headers": {
          "version": "1.0.0",
          "resolved": "https://registry.npmjs.org/on-headers/-/on-headers-1.0.0.tgz",
          "integrity": "sha1-LHW12kN1UT0BYcYFLn/L5JU/yl0="
        },
        "parseurl": {
          "version": "1.3.0",
          "resolved": "https://registry.npmjs.org/parseurl/-/parseurl-1.3.0.tgz",
          "integrity": "sha1-tYBG20Ij4UWvp2AJ5hush8wigbM="
        },
        "uid-safe": {
          "version": "1.0.2",
          "resolved": "https://registry.npmjs.org/uid-safe/-/uid-safe-1.0.2.tgz",
          "integrity": "sha1-vNFzi2U/q+EojYiv2M0K4K9aFYA=",
          "requires": {
            "base64-url": "1.1.0",
            "native-or-bluebird": "1.1.2"
          },
          "dependencies": {
            "base64-url": {
              "version": "1.1.0",
              "resolved": "https://registry.npmjs.org/base64-url/-/base64-url-1.1.0.tgz",
              "integrity": "sha1-//WGQEZEgKIIpTLy4ZGdKW4/vxA="
            },
            "native-or-bluebird": {
              "version": "1.1.2",
              "resolved": "https://registry.npmjs.org/native-or-bluebird/-/native-or-bluebird-1.1.2.tgz",
              "integrity": "sha1-OSHhECMtHreQ89rGG7NwUxx9NW4="
            }
          }
        },
        "utils-merge": {
          "version": "1.0.0",
          "resolved": "https://registry.npmjs.org/utils-merge/-/utils-merge-1.0.0.tgz",
          "integrity": "sha1-ApT7kiu5N1FTVBxPcJYjHyh8ivg="
        }
      }
    },
    "get-stream": {
      "version": "https://registry.npmjs.org/get-stream/-/get-stream-3.0.0.tgz",
      "integrity": "sha1-jpQ9E1jcN1VQVOy+LtsFqhdO3hQ="
    },
    "got": {
      "version": "https://registry.npmjs.org/got/-/got-6.7.1.tgz",
      "integrity": "sha1-JAzQV4WpoY5WHcG0S0HHY+8ejbA=",
      "requires": {
        "create-error-class": "https://artifacts.aue1d.saasure.com/artifactory/api/npm/npm-okta-master/create-error-class/-/create-error-class-3.0.2.tgz",
        "duplexer3": "https://registry.npmjs.org/duplexer3/-/duplexer3-0.1.4.tgz",
        "get-stream": "https://registry.npmjs.org/get-stream/-/get-stream-3.0.0.tgz",
        "is-redirect": "https://artifacts.aue1d.saasure.com/artifactory/api/npm/npm-okta-master/is-redirect/-/is-redirect-1.0.0.tgz",
        "is-retry-allowed": "https://artifacts.aue1d.saasure.com/artifactory/api/npm/npm-okta-master/is-retry-allowed/-/is-retry-allowed-1.1.0.tgz",
        "is-stream": "https://artifacts.aue1d.saasure.com/artifactory/api/npm/npm-okta-master/is-stream/-/is-stream-1.1.0.tgz",
        "lowercase-keys": "https://artifacts.aue1d.saasure.com/artifactory/api/npm/npm-okta-master/lowercase-keys/-/lowercase-keys-1.0.0.tgz",
        "safe-buffer": "https://registry.npmjs.org/safe-buffer/-/safe-buffer-5.0.1.tgz",
        "timed-out": "https://registry.npmjs.org/timed-out/-/timed-out-4.0.1.tgz",
        "unzip-response": "https://registry.npmjs.org/unzip-response/-/unzip-response-2.0.1.tgz",
        "url-parse-lax": "https://artifacts.aue1d.saasure.com/artifactory/api/npm/npm-okta-master/url-parse-lax/-/url-parse-lax-1.0.0.tgz"
      }
    },
    "hbs": {
      "version": "2.8.0",
      "resolved": "https://registry.npmjs.org/hbs/-/hbs-2.8.0.tgz",
      "integrity": "sha1-uAcg0Qh5Jj71dTGvBiD2/5lL6m8=",
      "requires": {
        "handlebars": "2.0.0",
        "walk": "2.2.1"
      },
      "dependencies": {
        "handlebars": {
          "version": "2.0.0",
          "resolved": "https://registry.npmjs.org/handlebars/-/handlebars-2.0.0.tgz",
          "integrity": "sha1-bp1/hRSjRn+l6fgswVjs/B1ax28=",
          "requires": {
            "optimist": "0.3.7",
            "uglify-js": "2.3.6"
          },
          "dependencies": {
            "optimist": {
              "version": "0.3.7",
              "resolved": "https://registry.npmjs.org/optimist/-/optimist-0.3.7.tgz",
              "integrity": "sha1-yQlBrVnkJzMokjB00s8ufLxuwNk=",
              "requires": {
                "wordwrap": "0.0.2"
              },
              "dependencies": {
                "wordwrap": {
                  "version": "0.0.2",
                  "resolved": "https://registry.npmjs.org/wordwrap/-/wordwrap-0.0.2.tgz",
                  "integrity": "sha1-t5Zpu0LstAn4PVg8rVLKF+qhZD8="
                }
              }
            },
            "uglify-js": {
              "version": "2.3.6",
              "resolved": "https://registry.npmjs.org/uglify-js/-/uglify-js-2.3.6.tgz",
              "integrity": "sha1-+gmEdwtCi3qbKoBY9GNV0U/vIRo=",
              "optional": true,
              "requires": {
                "async": "0.2.10",
                "optimist": "0.3.7",
                "source-map": "0.1.43"
              },
              "dependencies": {
                "async": {
                  "version": "0.2.10",
                  "resolved": "https://registry.npmjs.org/async/-/async-0.2.10.tgz",
                  "integrity": "sha1-trvgsGdLnXGXCMo43owjfLUmw9E=",
                  "optional": true
                },
                "source-map": {
                  "version": "0.1.43",
                  "resolved": "https://registry.npmjs.org/source-map/-/source-map-0.1.43.tgz",
                  "integrity": "sha1-wkvBRspRfBRx9drL4lcbK3+eM0Y=",
                  "optional": true,
                  "requires": {
                    "amdefine": "0.1.0"
                  },
                  "dependencies": {
                    "amdefine": {
                      "version": "0.1.0",
                      "resolved": "https://registry.npmjs.org/amdefine/-/amdefine-0.1.0.tgz",
                      "integrity": "sha1-PKlzXPHd4O33pL9mQXCcgCT5sic=",
                      "optional": true
                    }
                  }
                }
              }
            }
          }
        },
        "walk": {
          "version": "2.2.1",
          "resolved": "https://registry.npmjs.org/walk/-/walk-2.2.1.tgz",
          "integrity": "sha1-WtofjknkfUt0Rdi+ei4eYxq0MBY=",
          "requires": {
            "forEachAsync": "2.2.1"
          },
          "dependencies": {
            "forEachAsync": {
              "version": "2.2.1",
              "resolved": "https://registry.npmjs.org/forEachAsync/-/forEachAsync-2.2.1.tgz",
              "integrity": "sha1-43I/AJA5EOHrSx2zrVG1xkoxn+w=",
              "requires": {
                "sequence": "2.2.1"
              },
              "dependencies": {
                "sequence": {
                  "version": "2.2.1",
                  "resolved": "https://registry.npmjs.org/sequence/-/sequence-2.2.1.tgz",
                  "integrity": "sha1-f1YXiV1ENRwKBH52RGdpBJChawM="
                }
              }
            }
          }
        }
      }
    },
    "is-redirect": {
      "version": "https://artifacts.aue1d.saasure.com/artifactory/api/npm/npm-okta-master/is-redirect/-/is-redirect-1.0.0.tgz",
      "integrity": "sha1-HQPd7VO9jbDzDCbk+V02/HyH3CQ="
    },
    "is-retry-allowed": {
      "version": "https://artifacts.aue1d.saasure.com/artifactory/api/npm/npm-okta-master/is-retry-allowed/-/is-retry-allowed-1.1.0.tgz",
      "integrity": "sha1-EaBgVotnM5REAz0BJaYaINVk+zQ="
    },
    "is-stream": {
      "version": "https://artifacts.aue1d.saasure.com/artifactory/api/npm/npm-okta-master/is-stream/-/is-stream-1.1.0.tgz",
      "integrity": "sha1-EtSj3U5o4Lec6428hBc66A2RykQ="
    },
    "jsbn": {
      "version": "https://registry.npmjs.org/jsbn/-/jsbn-1.1.0.tgz",
      "integrity": "sha1-sBMHyym2GKHtJux56RH4A8TaAEA="
    },
    "lodash": {
      "version": "https://registry.npmjs.org/lodash/-/lodash-4.17.4.tgz",
      "integrity": "sha1-eCA6TRwyiuHYbcpkYONptX9AVa4="
    },
    "lodash.assign": {
      "version": "https://artifacts.aue1d.saasure.com/artifactory/api/npm/npm-okta-master/lodash.assign/-/lodash.assign-4.2.0.tgz",
      "integrity": "sha1-DZnzzNem0mHRm9rrkkUAXShYCOc="
    },
    "lodash.clone": {
      "version": "https://registry.npmjs.org/lodash.clone/-/lodash.clone-4.5.0.tgz",
      "integrity": "sha1-GVhwRQ9aExkkeN9Lw9I9LeoZB7Y="
    },
    "lodash.fill": {
      "version": "https://registry.npmjs.org/lodash.fill/-/lodash.fill-3.4.0.tgz",
      "integrity": "sha1-o8dK5kDQU63w3CB5+HIHiOi/74U="
    },
    "lodash.flatten": {
      "version": "https://registry.npmjs.org/lodash.flatten/-/lodash.flatten-4.4.0.tgz",
      "integrity": "sha1-8xwiIlqWMtK7+OSt2+8kCqdlph8="
    },
    "lodash.intersection": {
      "version": "https://registry.npmjs.org/lodash.intersection/-/lodash.intersection-4.4.0.tgz",
      "integrity": "sha1-ChG6Yx0OlcI8fy9Mu5ppLtF45wU="
    },
    "lodash.merge": {
      "version": "https://registry.npmjs.org/lodash.merge/-/lodash.merge-4.6.0.tgz",
      "integrity": "sha1-aYhLoUSsM/5plzemCG3v+t0PicU="
    },
    "lodash.omit": {
      "version": "https://registry.npmjs.org/lodash.omit/-/lodash.omit-4.5.0.tgz",
      "integrity": "sha1-brGa5aHuHdnfC5aeZs4Lf6MLXmA="
    },
    "lodash.partialright": {
      "version": "https://registry.npmjs.org/lodash.partialright/-/lodash.partialright-4.2.1.tgz",
      "integrity": "sha1-ATDYDoM2MmTUAHTzKbij56ihzEs="
    },
    "lodash.pick": {
      "version": "https://registry.npmjs.org/lodash.pick/-/lodash.pick-4.4.0.tgz",
      "integrity": "sha1-UvBWEP/53tQiYRRB7R/BI6AwAbM="
    },
    "lodash.uniq": {
      "version": "https://registry.npmjs.org/lodash.uniq/-/lodash.uniq-4.5.0.tgz",
      "integrity": "sha1-0CJTc662Uq3BvILklFM5qEJ1R3M="
    },
    "long": {
      "version": "https://registry.npmjs.org/long/-/long-3.2.0.tgz",
      "integrity": "sha1-2CG3E4yhy1gcFymQ7xTbIAtcR0s="
    },
    "lowercase-keys": {
      "version": "https://artifacts.aue1d.saasure.com/artifactory/api/npm/npm-okta-master/lowercase-keys/-/lowercase-keys-1.0.0.tgz",
      "integrity": "sha1-TjNms55/VFfjXxMkvfb4jQv8cwY="
    },
    "lru-cache": {
      "version": "https://artifacts.aue1d.saasure.com/artifactory/api/npm/npm-okta-master/lru-cache/-/lru-cache-4.0.2.tgz",
      "integrity": "sha1-HRdnnAac2l0ECZGgnbwsDbN35V4=",
      "requires": {
        "pseudomap": "https://artifacts.aue1d.saasure.com/artifactory/api/npm/npm-okta-master/pseudomap/-/pseudomap-1.0.2.tgz",
        "yallist": "https://artifacts.aue1d.saasure.com/artifactory/api/npm/npm-okta-master/yallist/-/yallist-2.0.0.tgz"
      }
    },
    "morgan": {
      "version": "1.5.1",
      "resolved": "https://registry.npmjs.org/morgan/-/morgan-1.5.1.tgz",
      "integrity": "sha1-qWiO7ZGHq2SNgW/AnGlvroguFvY=",
      "requires": {
        "basic-auth": "1.0.0",
        "debug": "2.1.1",
        "depd": "1.0.0",
        "on-finished": "2.2.0"
      },
      "dependencies": {
        "basic-auth": {
          "version": "1.0.0",
          "resolved": "https://registry.npmjs.org/basic-auth/-/basic-auth-1.0.0.tgz",
          "integrity": "sha1-ERstn/jk5tE2uMhOpeCWy4c1Fjc="
        },
        "depd": {
          "version": "1.0.0",
          "resolved": "https://registry.npmjs.org/depd/-/depd-1.0.0.tgz",
          "integrity": "sha1-L9oNAOmKrihF1Jkasb8fKhmQc9U="
        },
        "on-finished": {
          "version": "2.2.0",
          "resolved": "https://registry.npmjs.org/on-finished/-/on-finished-2.2.0.tgz",
          "integrity": "sha1-5rpqCaNILWt5abw9qSyG8KlnYF4=",
          "requires": {
            "ee-first": "1.1.0"
          },
          "dependencies": {
            "ee-first": {
              "version": "1.1.0",
              "resolved": "https://registry.npmjs.org/ee-first/-/ee-first-1.1.0.tgz",
              "integrity": "sha1-ag18YiHkkP7v2S7D9EHJzozQl/Q="
            }
          }
        }
      }
    },
    "node-jose": {
      "version": "https://registry.npmjs.org/node-jose/-/node-jose-0.9.3.tgz",
      "integrity": "sha1-Efth50ErAomiH2WI64NBHSHxYn8=",
      "requires": {
        "es6-promise": "https://registry.npmjs.org/es6-promise/-/es6-promise-4.0.5.tgz",
        "jsbn": "https://registry.npmjs.org/jsbn/-/jsbn-1.1.0.tgz",
        "lodash.assign": "https://artifacts.aue1d.saasure.com/artifactory/api/npm/npm-okta-master/lodash.assign/-/lodash.assign-4.2.0.tgz",
        "lodash.clone": "https://registry.npmjs.org/lodash.clone/-/lodash.clone-4.5.0.tgz",
        "lodash.fill": "https://registry.npmjs.org/lodash.fill/-/lodash.fill-3.4.0.tgz",
        "lodash.flatten": "https://registry.npmjs.org/lodash.flatten/-/lodash.flatten-4.4.0.tgz",
        "lodash.intersection": "https://registry.npmjs.org/lodash.intersection/-/lodash.intersection-4.4.0.tgz",
        "lodash.merge": "https://registry.npmjs.org/lodash.merge/-/lodash.merge-4.6.0.tgz",
        "lodash.omit": "https://registry.npmjs.org/lodash.omit/-/lodash.omit-4.5.0.tgz",
        "lodash.partialright": "https://registry.npmjs.org/lodash.partialright/-/lodash.partialright-4.2.1.tgz",
        "lodash.pick": "https://registry.npmjs.org/lodash.pick/-/lodash.pick-4.4.0.tgz",
        "lodash.uniq": "https://registry.npmjs.org/lodash.uniq/-/lodash.uniq-4.5.0.tgz",
        "long": "https://registry.npmjs.org/long/-/long-3.2.0.tgz",
        "node-forge": "https://github.com/linuxwolf/forge/archive/browserify.tar.gz",
        "urlsafe-base64": "https://github.com/linuxwolf/urlsafe-base64/archive/encoding.tar.gz",
        "uuid": "https://registry.npmjs.org/uuid/-/uuid-3.0.1.tgz"
      },
      "dependencies": {
        "node-forge": {
          "version": "https://github.com/linuxwolf/forge/archive/browserify.tar.gz",
          "integrity": "sha1-AsI3pce9rxzjjZHe2WTSZ7mMW2Y=",
          "requires": {
            "jsbn": "git+https://github.com/andyperlitch/jsbn.git#038459dc74668bfb43b45d78b33ffc9c8e7bf34a"
          },
          "dependencies": {
            "jsbn": {
              "version": "git+https://github.com/andyperlitch/jsbn.git#038459dc74668bfb43b45d78b33ffc9c8e7bf34a",
              "integrity": "sha1-0wRx6EXzJfgTauRUAwqwkT17Mmw="
            }
          }
        }
      }
    },
    "oidc-token-hash": {
      "version": "https://registry.npmjs.org/oidc-token-hash/-/oidc-token-hash-1.0.1.tgz",
      "integrity": "sha1-k/jKDn+A7WrzQ/bTGARdpR0MfxU=",
      "requires": {
        "base64url": "https://registry.npmjs.org/base64url/-/base64url-2.0.0.tgz"
      }
    },
    "openid-client": {
      "version": "https://registry.npmjs.org/openid-client/-/openid-client-1.6.0.tgz",
      "integrity": "sha1-klKWtCgUP1mG0lNmvU4npdWk/+w=",
      "requires": {
        "base64url": "https://registry.npmjs.org/base64url/-/base64url-2.0.0.tgz",
        "create-error-class": "https://artifacts.aue1d.saasure.com/artifactory/api/npm/npm-okta-master/create-error-class/-/create-error-class-3.0.2.tgz",
        "got": "https://registry.npmjs.org/got/-/got-6.7.1.tgz",
        "lodash": "https://registry.npmjs.org/lodash/-/lodash-4.17.4.tgz",
        "lru-cache": "https://artifacts.aue1d.saasure.com/artifactory/api/npm/npm-okta-master/lru-cache/-/lru-cache-4.0.2.tgz",
        "node-jose": "https://registry.npmjs.org/node-jose/-/node-jose-0.9.3.tgz",
        "oidc-token-hash": "https://registry.npmjs.org/oidc-token-hash/-/oidc-token-hash-1.0.1.tgz",
        "uuid": "https://registry.npmjs.org/uuid/-/uuid-3.0.1.tgz"
      },
      "dependencies": {
        "lodash": {
          "version": "https://registry.npmjs.org/lodash/-/lodash-4.17.4.tgz",
          "integrity": "sha1-eCA6TRwyiuHYbcpkYONptX9AVa4="
        }
      }
    },
    "passport": {
      "version": "0.2.1",
      "resolved": "https://registry.npmjs.org/passport/-/passport-0.2.1.tgz",
      "integrity": "sha1-p9NMB7MPtgW+iF7byMk+UULjhXQ=",
      "requires": {
        "passport-strategy": "1.0.0",
        "pause": "0.0.1"
      },
      "dependencies": {
        "passport-strategy": {
          "version": "1.0.0",
          "resolved": "https://registry.npmjs.org/passport-strategy/-/passport-strategy-1.0.0.tgz",
          "integrity": "sha1-tVOaqPwiWj0a0XlHbd8ja0QPUuQ="
        },
        "pause": {
          "version": "0.0.1",
          "resolved": "https://registry.npmjs.org/pause/-/pause-0.0.1.tgz",
          "integrity": "sha1-HUCLP9t2kjuVQ9lvtMnf1TXZy10="
        }
      }
    },
    "prepend-http": {
      "version": "https://registry.npmjs.org/prepend-http/-/prepend-http-1.0.4.tgz",
      "integrity": "sha1-1PRWKwzjaW5BrFLQ4ALlemNdxtw="
    },
    "pseudomap": {
      "version": "https://artifacts.aue1d.saasure.com/artifactory/api/npm/npm-okta-master/pseudomap/-/pseudomap-1.0.2.tgz",
      "integrity": "sha1-8FKijacOYYkX7wqKw0wa5aaChrM="
    },
    "safe-buffer": {
      "version": "https://registry.npmjs.org/safe-buffer/-/safe-buffer-5.0.1.tgz",
      "integrity": "sha1-0mPKVGls2KMGtcplUekt5XkY++c="
    },
    "timed-out": {
      "version": "https://registry.npmjs.org/timed-out/-/timed-out-4.0.1.tgz",
      "integrity": "sha1-8y6srFoXW+ol1/q1Zas+2HQe9W8="
    },
    "unzip-response": {
      "version": "https://registry.npmjs.org/unzip-response/-/unzip-response-2.0.1.tgz",
      "integrity": "sha1-0vD3N9FrBhXnKmk17QQhRXLVb5c="
    },
    "url-parse-lax": {
      "version": "https://artifacts.aue1d.saasure.com/artifactory/api/npm/npm-okta-master/url-parse-lax/-/url-parse-lax-1.0.0.tgz",
      "integrity": "sha1-evjzA2Rem9eaJy56FKxovAYJ2nM=",
      "requires": {
        "prepend-http": "https://registry.npmjs.org/prepend-http/-/prepend-http-1.0.4.tgz"
      }
    },
    "urlsafe-base64": {
      "version": "https://github.com/linuxwolf/urlsafe-base64/archive/encoding.tar.gz",
      "integrity": "sha1-pUNjdybfMRirXZg4jrtrJhigzbs="
    },
    "uuid": {
      "version": "https://registry.npmjs.org/uuid/-/uuid-3.0.1.tgz",
      "integrity": "sha1-ZUS7ot/ajBzxfmKaOjBeK7H+5sE="
    },
    "yallist": {
      "version": "https://artifacts.aue1d.saasure.com/artifactory/api/npm/npm-okta-master/yallist/-/yallist-2.0.0.tgz",
      "integrity": "sha1-MGxUODXwnuGkyyO3vOmrNByRzdQ="
    },
    "yargs": {
      "version": "1.3.3",
      "resolved": "https://registry.npmjs.org/yargs/-/yargs-1.3.3.tgz",
      "integrity": "sha1-BU3oth8i7v23IHBZ6u+da4P7kxo="
    }
  }
}
